// !$*UTF8*$!
{
	archiveVersion = 1;
	classes = {
	};
	objectVersion = 52;
	objects = {

/* Begin PBXBuildFile section */
		6706A5B925EBB29C003CE87F /* UI_136App.swift in Sources */ = {isa = PBXBuildFile; fileRef = 6706A5B825EBB29C003CE87F /* UI_136App.swift */; };
		6706A5BB25EBB29C003CE87F /* ContentView.swift in Sources */ = {isa = PBXBuildFile; fileRef = 6706A5BA25EBB29C003CE87F /* ContentView.swift */; };
		6706A5BD25EBB29D003CE87F /* Assets.xcassets in Resources */ = {isa = PBXBuildFile; fileRef = 6706A5BC25EBB29D003CE87F /* Assets.xcassets */; };
		6706A5C025EBB29D003CE87F /* Preview Assets.xcassets in Resources */ = {isa = PBXBuildFile; fileRef = 6706A5BF25EBB29D003CE87F /* Preview Assets.xcassets */; };
		6706A5CB25EBB29D003CE87F /* UI_136Tests.swift in Sources */ = {isa = PBXBuildFile; fileRef = 6706A5CA25EBB29D003CE87F /* UI_136Tests.swift */; };
		6706A5D625EBB29D003CE87F /* UI_136UITests.swift in Sources */ = {isa = PBXBuildFile; fileRef = 6706A5D525EBB29D003CE87F /* UI_136UITests.swift */; };
		6706A5E825EBB2E8003CE87F /* Lottie in Frameworks */ = {isa = PBXBuildFile; productRef = 6706A5E725EBB2E8003CE87F /* Lottie */; };
		6706A5EE25EBB371003CE87F /* Home.swift in Sources */ = {isa = PBXBuildFile; fileRef = 6706A5ED25EBB371003CE87F /* Home.swift */; };
		6706A5F625EBB37A003CE87F /* MapView.swift in Sources */ = {isa = PBXBuildFile; fileRef = 6706A5F525EBB37A003CE87F /* MapView.swift */; };
		6706A5FB25EBBB74003CE87F /* electric_car.json in Resources */ = {isa = PBXBuildFile; fileRef = 6706A5FA25EBBB74003CE87F /* electric_car.json */; };
		6706A60025EBBB85003CE87F /* LottieView.swift in Sources */ = {isa = PBXBuildFile; fileRef = 6706A5FF25EBBB85003CE87F /* LottieView.swift */; };
		6706A60525EBBD88003CE87F /* LottieCard.swift in Sources */ = {isa = PBXBuildFile; fileRef = 6706A60425EBBD88003CE87F /* LottieCard.swift */; };
		6706A60A25EBC108003CE87F /* sending-email.json in Resources */ = {isa = PBXBuildFile; fileRef = 6706A60925EBC108003CE87F /* sending-email.json */; };
		6706A60F25EBC580003CE87F /* LottieMain.swift in Sources */ = {isa = PBXBuildFile; fileRef = 6706A60E25EBC580003CE87F /* LottieMain.swift */; };
/* End PBXBuildFile section */

/* Begin PBXContainerItemProxy section */
		6706A5C725EBB29D003CE87F /* PBXContainerItemProxy */ = {
			isa = PBXContainerItemProxy;
			containerPortal = 6706A5AD25EBB29C003CE87F /* Project object */;
			proxyType = 1;
			remoteGlobalIDString = 6706A5B425EBB29C003CE87F;
			remoteInfo = "UI-136";
		};
		6706A5D225EBB29D003CE87F /* PBXContainerItemProxy */ = {
			isa = PBXContainerItemProxy;
			containerPortal = 6706A5AD25EBB29C003CE87F /* Project object */;
			proxyType = 1;
			remoteGlobalIDString = 6706A5B425EBB29C003CE87F;
			remoteInfo = "UI-136";
		};
/* End PBXContainerItemProxy section */

/* Begin PBXFileReference section */
		6706A5B525EBB29C003CE87F /* UI-136.app */ = {isa = PBXFileReference; explicitFileType = wrapper.application; includeInIndex = 0; path = "UI-136.app"; sourceTree = BUILT_PRODUCTS_DIR; };
		6706A5B825EBB29C003CE87F /* UI_136App.swift */ = {isa = PBXFileReference; lastKnownFileType = sourcecode.swift; path = UI_136App.swift; sourceTree = "<group>"; };
		6706A5BA25EBB29C003CE87F /* ContentView.swift */ = {isa = PBXFileReference; lastKnownFileType = sourcecode.swift; path = ContentView.swift; sourceTree = "<group>"; };
		6706A5BC25EBB29D003CE87F /* Assets.xcassets */ = {isa = PBXFileReference; lastKnownFileType = folder.assetcatalog; path = Assets.xcassets; sourceTree = "<group>"; };
		6706A5BF25EBB29D003CE87F /* Preview Assets.xcassets */ = {isa = PBXFileReference; lastKnownFileType = folder.assetcatalog; path = "Preview Assets.xcassets"; sourceTree = "<group>"; };
		6706A5C125EBB29D003CE87F /* Info.plist */ = {isa = PBXFileReference; lastKnownFileType = text.plist.xml; path = Info.plist; sourceTree = "<group>"; };
		6706A5C625EBB29D003CE87F /* UI-136Tests.xctest */ = {isa = PBXFileReference; explicitFileType = wrapper.cfbundle; includeInIndex = 0; path = "UI-136Tests.xctest"; sourceTree = BUILT_PRODUCTS_DIR; };
		6706A5CA25EBB29D003CE87F /* UI_136Tests.swift */ = {isa = PBXFileReference; lastKnownFileType = sourcecode.swift; path = UI_136Tests.swift; sourceTree = "<group>"; };
		6706A5CC25EBB29D003CE87F /* Info.plist */ = {isa = PBXFileReference; lastKnownFileType = text.plist.xml; path = Info.plist; sourceTree = "<group>"; };
		6706A5D125EBB29D003CE87F /* UI-136UITests.xctest */ = {isa = PBXFileReference; explicitFileType = wrapper.cfbundle; includeInIndex = 0; path = "UI-136UITests.xctest"; sourceTree = BUILT_PRODUCTS_DIR; };
		6706A5D525EBB29D003CE87F /* UI_136UITests.swift */ = {isa = PBXFileReference; lastKnownFileType = sourcecode.swift; path = UI_136UITests.swift; sourceTree = "<group>"; };
		6706A5D725EBB29D003CE87F /* Info.plist */ = {isa = PBXFileReference; lastKnownFileType = text.plist.xml; path = Info.plist; sourceTree = "<group>"; };
		6706A5ED25EBB371003CE87F /* Home.swift */ = {isa = PBXFileReference; lastKnownFileType = sourcecode.swift; path = Home.swift; sourceTree = "<group>"; };
		6706A5F525EBB37A003CE87F /* MapView.swift */ = {isa = PBXFileReference; lastKnownFileType = sourcecode.swift; path = MapView.swift; sourceTree = "<group>"; };
		6706A5FA25EBBB74003CE87F /* electric_car.json */ = {isa = PBXFileReference; fileEncoding = 4; lastKnownFileType = text.json; path = electric_car.json; sourceTree = "<group>"; };
		6706A5FF25EBBB85003CE87F /* LottieView.swift */ = {isa = PBXFileReference; lastKnownFileType = sourcecode.swift; path = LottieView.swift; sourceTree = "<group>"; };
		6706A60425EBBD88003CE87F /* LottieCard.swift */ = {isa = PBXFileReference; lastKnownFileType = sourcecode.swift; path = LottieCard.swift; sourceTree = "<group>"; };
		6706A60925EBC108003CE87F /* sending-email.json */ = {isa = PBXFileReference; fileEncoding = 4; lastKnownFileType = text.json; path = "sending-email.json"; sourceTree = "<group>"; };
		6706A60E25EBC580003CE87F /* LottieMain.swift */ = {isa = PBXFileReference; lastKnownFileType = sourcecode.swift; path = LottieMain.swift; sourceTree = "<group>"; };
/* End PBXFileReference section */

/* Begin PBXFrameworksBuildPhase section */
		6706A5B225EBB29C003CE87F /* Frameworks */ = {
			isa = PBXFrameworksBuildPhase;
			buildActionMask = 2147483647;
			files = (
				6706A5E825EBB2E8003CE87F /* Lottie in Frameworks */,
			);
			runOnlyForDeploymentPostprocessing = 0;
		};
		6706A5C325EBB29D003CE87F /* Frameworks */ = {
			isa = PBXFrameworksBuildPhase;
			buildActionMask = 2147483647;
			files = (
			);
			runOnlyForDeploymentPostprocessing = 0;
		};
		6706A5CE25EBB29D003CE87F /* Frameworks */ = {
			isa = PBXFrameworksBuildPhase;
			buildActionMask = 2147483647;
			files = (
			);
			runOnlyForDeploymentPostprocessing = 0;
		};
/* End PBXFrameworksBuildPhase section */

/* Begin PBXGroup section */
		6706A5AC25EBB29C003CE87F = {
			isa = PBXGroup;
			children = (
				6706A5B725EBB29C003CE87F /* UI-136 */,
				6706A5C925EBB29D003CE87F /* UI-136Tests */,
				6706A5D425EBB29D003CE87F /* UI-136UITests */,
				6706A5B625EBB29C003CE87F /* Products */,
			);
			sourceTree = "<group>";
		};
		6706A5B625EBB29C003CE87F /* Products */ = {
			isa = PBXGroup;
			children = (
				6706A5B525EBB29C003CE87F /* UI-136.app */,
				6706A5C625EBB29D003CE87F /* UI-136Tests.xctest */,
				6706A5D125EBB29D003CE87F /* UI-136UITests.xctest */,
			);
			name = Products;
			sourceTree = "<group>";
		};
		6706A5B725EBB29C003CE87F /* UI-136 */ = {
			isa = PBXGroup;
			children = (
				6706A60925EBC108003CE87F /* sending-email.json */,
				6706A5FA25EBBB74003CE87F /* electric_car.json */,
				6706A5EC25EBB356003CE87F /* View */,
				6706A5B825EBB29C003CE87F /* UI_136App.swift */,
				6706A5BA25EBB29C003CE87F /* ContentView.swift */,
				6706A5BC25EBB29D003CE87F /* Assets.xcassets */,
				6706A5C125EBB29D003CE87F /* Info.plist */,
				6706A5BE25EBB29D003CE87F /* Preview Content */,
			);
			path = "UI-136";
			sourceTree = "<group>";
		};
		6706A5BE25EBB29D003CE87F /* Preview Content */ = {
			isa = PBXGroup;
			children = (
				6706A5BF25EBB29D003CE87F /* Preview Assets.xcassets */,
			);
			path = "Preview Content";
			sourceTree = "<group>";
		};
		6706A5C925EBB29D003CE87F /* UI-136Tests */ = {
			isa = PBXGroup;
			children = (
				6706A5CA25EBB29D003CE87F /* UI_136Tests.swift */,
				6706A5CC25EBB29D003CE87F /* Info.plist */,
			);
			path = "UI-136Tests";
			sourceTree = "<group>";
		};
		6706A5D425EBB29D003CE87F /* UI-136UITests */ = {
			isa = PBXGroup;
			children = (
				6706A5D525EBB29D003CE87F /* UI_136UITests.swift */,
				6706A5D725EBB29D003CE87F /* Info.plist */,
			);
			path = "UI-136UITests";
			sourceTree = "<group>";
		};
		6706A5EC25EBB356003CE87F /* View */ = {
			isa = PBXGroup;
			children = (
				6706A5ED25EBB371003CE87F /* Home.swift */,
				6706A5F525EBB37A003CE87F /* MapView.swift */,
				6706A5FF25EBBB85003CE87F /* LottieView.swift */,
				6706A60425EBBD88003CE87F /* LottieCard.swift */,
				6706A60E25EBC580003CE87F /* LottieMain.swift */,
			);
			path = View;
			sourceTree = "<group>";
		};
/* End PBXGroup section */

/* Begin PBXNativeTarget section */
		6706A5B425EBB29C003CE87F /* UI-136 */ = {
			isa = PBXNativeTarget;
			buildConfigurationList = 6706A5DA25EBB29D003CE87F /* Build configuration list for PBXNativeTarget "UI-136" */;
			buildPhases = (
				6706A5B125EBB29C003CE87F /* Sources */,
				6706A5B225EBB29C003CE87F /* Frameworks */,
				6706A5B325EBB29C003CE87F /* Resources */,
			);
			buildRules = (
			);
			dependencies = (
			);
			name = "UI-136";
			packageProductDependencies = (
				6706A5E725EBB2E8003CE87F /* Lottie */,
			);
			productName = "UI-136";
			productReference = 6706A5B525EBB29C003CE87F /* UI-136.app */;
			productType = "com.apple.product-type.application";
		};
		6706A5C525EBB29D003CE87F /* UI-136Tests */ = {
			isa = PBXNativeTarget;
			buildConfigurationList = 6706A5DD25EBB29D003CE87F /* Build configuration list for PBXNativeTarget "UI-136Tests" */;
			buildPhases = (
				6706A5C225EBB29D003CE87F /* Sources */,
				6706A5C325EBB29D003CE87F /* Frameworks */,
				6706A5C425EBB29D003CE87F /* Resources */,
			);
			buildRules = (
			);
			dependencies = (
				6706A5C825EBB29D003CE87F /* PBXTargetDependency */,
			);
			name = "UI-136Tests";
			productName = "UI-136Tests";
			productReference = 6706A5C625EBB29D003CE87F /* UI-136Tests.xctest */;
			productType = "com.apple.product-type.bundle.unit-test";
		};
		6706A5D025EBB29D003CE87F /* UI-136UITests */ = {
			isa = PBXNativeTarget;
			buildConfigurationList = 6706A5E025EBB29D003CE87F /* Build configuration list for PBXNativeTarget "UI-136UITests" */;
			buildPhases = (
				6706A5CD25EBB29D003CE87F /* Sources */,
				6706A5CE25EBB29D003CE87F /* Frameworks */,
				6706A5CF25EBB29D003CE87F /* Resources */,
			);
			buildRules = (
			);
			dependencies = (
				6706A5D325EBB29D003CE87F /* PBXTargetDependency */,
			);
			name = "UI-136UITests";
			productName = "UI-136UITests";
			productReference = 6706A5D125EBB29D003CE87F /* UI-136UITests.xctest */;
			productType = "com.apple.product-type.bundle.ui-testing";
		};
/* End PBXNativeTarget section */

/* Begin PBXProject section */
		6706A5AD25EBB29C003CE87F /* Project object */ = {
			isa = PBXProject;
			attributes = {
				LastSwiftUpdateCheck = 1240;
				LastUpgradeCheck = 1240;
				TargetAttributes = {
					6706A5B425EBB29C003CE87F = {
						CreatedOnToolsVersion = 12.4;
					};
					6706A5C525EBB29D003CE87F = {
						CreatedOnToolsVersion = 12.4;
						TestTargetID = 6706A5B425EBB29C003CE87F;
					};
					6706A5D025EBB29D003CE87F = {
						CreatedOnToolsVersion = 12.4;
						TestTargetID = 6706A5B425EBB29C003CE87F;
					};
				};
			};
			buildConfigurationList = 6706A5B025EBB29C003CE87F /* Build configuration list for PBXProject "UI-136" */;
			compatibilityVersion = "Xcode 9.3";
			developmentRegion = en;
			hasScannedForEncodings = 0;
			knownRegions = (
				en,
				Base,
			);
			mainGroup = 6706A5AC25EBB29C003CE87F;
			packageReferences = (
				6706A5E625EBB2E8003CE87F /* XCRemoteSwiftPackageReference "lottie-ios" */,
			);
			productRefGroup = 6706A5B625EBB29C003CE87F /* Products */;
			projectDirPath = "";
			projectRoot = "";
			targets = (
				6706A5B425EBB29C003CE87F /* UI-136 */,
				6706A5C525EBB29D003CE87F /* UI-136Tests */,
				6706A5D025EBB29D003CE87F /* UI-136UITests */,
			);
		};
/* End PBXProject section */

/* Begin PBXResourcesBuildPhase section */
		6706A5B325EBB29C003CE87F /* Resources */ = {
			isa = PBXResourcesBuildPhase;
			buildActionMask = 2147483647;
			files = (
				6706A5C025EBB29D003CE87F /* Preview Assets.xcassets in Resources */,
				6706A5FB25EBBB74003CE87F /* electric_car.json in Resources */,
				6706A5BD25EBB29D003CE87F /* Assets.xcassets in Resources */,
				6706A60A25EBC108003CE87F /* sending-email.json in Resources */,
			);
			runOnlyForDeploymentPostprocessing = 0;
		};
		6706A5C425EBB29D003CE87F /* Resources */ = {
			isa = PBXResourcesBuildPhase;
			buildActionMask = 2147483647;
			files = (
			);
			runOnlyForDeploymentPostprocessing = 0;
		};
		6706A5CF25EBB29D003CE87F /* Resources */ = {
			isa = PBXResourcesBuildPhase;
			buildActionMask = 2147483647;
			files = (
			);
			runOnlyForDeploymentPostprocessing = 0;
		};
/* End PBXResourcesBuildPhase section */

/* Begin PBXSourcesBuildPhase section */
		6706A5B125EBB29C003CE87F /* Sources */ = {
			isa = PBXSourcesBuildPhase;
			buildActionMask = 2147483647;
			files = (
				6706A60525EBBD88003CE87F /* LottieCard.swift in Sources */,
				6706A5BB25EBB29C003CE87F /* ContentView.swift in Sources */,
				6706A5F625EBB37A003CE87F /* MapView.swift in Sources */,
				6706A60025EBBB85003CE87F /* LottieView.swift in Sources */,
				6706A5EE25EBB371003CE87F /* Home.swift in Sources */,
				6706A5B925EBB29C003CE87F /* UI_136App.swift in Sources */,
				6706A60F25EBC580003CE87F /* LottieMain.swift in Sources */,
			);
			runOnlyForDeploymentPostprocessing = 0;
		};
		6706A5C225EBB29D003CE87F /* Sources */ = {
			isa = PBXSourcesBuildPhase;
			buildActionMask = 2147483647;
			files = (
				6706A5CB25EBB29D003CE87F /* UI_136Tests.swift in Sources */,
			);
			runOnlyForDeploymentPostprocessing = 0;
		};
		6706A5CD25EBB29D003CE87F /* Sources */ = {
			isa = PBXSourcesBuildPhase;
			buildActionMask = 2147483647;
			files = (
				6706A5D625EBB29D003CE87F /* UI_136UITests.swift in Sources */,
			);
			runOnlyForDeploymentPostprocessing = 0;
		};
/* End PBXSourcesBuildPhase section */

/* Begin PBXTargetDependency section */
		6706A5C825EBB29D003CE87F /* PBXTargetDependency */ = {
			isa = PBXTargetDependency;
			target = 6706A5B425EBB29C003CE87F /* UI-136 */;
			targetProxy = 6706A5C725EBB29D003CE87F /* PBXContainerItemProxy */;
		};
		6706A5D325EBB29D003CE87F /* PBXTargetDependency */ = {
			isa = PBXTargetDependency;
			target = 6706A5B425EBB29C003CE87F /* UI-136 */;
			targetProxy = 6706A5D225EBB29D003CE87F /* PBXContainerItemProxy */;
		};
/* End PBXTargetDependency section */

/* Begin XCBuildConfiguration section */
		6706A5D825EBB29D003CE87F /* Debug */ = {
			isa = XCBuildConfiguration;
			buildSettings = {
				ALWAYS_SEARCH_USER_PATHS = NO;
				CLANG_ANALYZER_NONNULL = YES;
				CLANG_ANALYZER_NUMBER_OBJECT_CONVERSION = YES_AGGRESSIVE;
				CLANG_CXX_LANGUAGE_STANDARD = "gnu++14";
				CLANG_CXX_LIBRARY = "libc++";
				CLANG_ENABLE_MODULES = YES;
				CLANG_ENABLE_OBJC_ARC = YES;
				CLANG_ENABLE_OBJC_WEAK = YES;
				CLANG_WARN_BLOCK_CAPTURE_AUTORELEASING = YES;
				CLANG_WARN_BOOL_CONVERSION = YES;
				CLANG_WARN_COMMA = YES;
				CLANG_WARN_CONSTANT_CONVERSION = YES;
				CLANG_WARN_DEPRECATED_OBJC_IMPLEMENTATIONS = YES;
				CLANG_WARN_DIRECT_OBJC_ISA_USAGE = YES_ERROR;
				CLANG_WARN_DOCUMENTATION_COMMENTS = YES;
				CLANG_WARN_EMPTY_BODY = YES;
				CLANG_WARN_ENUM_CONVERSION = YES;
				CLANG_WARN_INFINITE_RECURSION = YES;
				CLANG_WARN_INT_CONVERSION = YES;
				CLANG_WARN_NON_LITERAL_NULL_CONVERSION = YES;
				CLANG_WARN_OBJC_IMPLICIT_RETAIN_SELF = YES;
				CLANG_WARN_OBJC_LITERAL_CONVERSION = YES;
				CLANG_WARN_OBJC_ROOT_CLASS = YES_ERROR;
				CLANG_WARN_QUOTED_INCLUDE_IN_FRAMEWORK_HEADER = YES;
				CLANG_WARN_RANGE_LOOP_ANALYSIS = YES;
				CLANG_WARN_STRICT_PROTOTYPES = YES;
				CLANG_WARN_SUSPICIOUS_MOVE = YES;
				CLANG_WARN_UNGUARDED_AVAILABILITY = YES_AGGRESSIVE;
				CLANG_WARN_UNREACHABLE_CODE = YES;
				CLANG_WARN__DUPLICATE_METHOD_MATCH = YES;
				COPY_PHASE_STRIP = NO;
				DEBUG_INFORMATION_FORMAT = dwarf;
				ENABLE_STRICT_OBJC_MSGSEND = YES;
				ENABLE_TESTABILITY = YES;
				GCC_C_LANGUAGE_STANDARD = gnu11;
				GCC_DYNAMIC_NO_PIC = NO;
				GCC_NO_COMMON_BLOCKS = YES;
				GCC_OPTIMIZATION_LEVEL = 0;
				GCC_PREPROCESSOR_DEFINITIONS = (
					"DEBUG=1",
					"$(inherited)",
				);
				GCC_WARN_64_TO_32_BIT_CONVERSION = YES;
				GCC_WARN_ABOUT_RETURN_TYPE = YES_ERROR;
				GCC_WARN_UNDECLARED_SELECTOR = YES;
				GCC_WARN_UNINITIALIZED_AUTOS = YES_AGGRESSIVE;
				GCC_WARN_UNUSED_FUNCTION = YES;
				GCC_WARN_UNUSED_VARIABLE = YES;
				IPHONEOS_DEPLOYMENT_TARGET = 14.4;
				MTL_ENABLE_DEBUG_INFO = INCLUDE_SOURCE;
				MTL_FAST_MATH = YES;
				ONLY_ACTIVE_ARCH = YES;
				SDKROOT = iphoneos;
				SWIFT_ACTIVE_COMPILATION_CONDITIONS = DEBUG;
				SWIFT_OPTIMIZATION_LEVEL = "-Onone";
			};
			name = Debug;
		};
		6706A5D925EBB29D003CE87F /* Release */ = {
			isa = XCBuildConfiguration;
			buildSettings = {
				ALWAYS_SEARCH_USER_PATHS = NO;
				CLANG_ANALYZER_NONNULL = YES;
				CLANG_ANALYZER_NUMBER_OBJECT_CONVERSION = YES_AGGRESSIVE;
				CLANG_CXX_LANGUAGE_STANDARD = "gnu++14";
				CLANG_CXX_LIBRARY = "libc++";
				CLANG_ENABLE_MODULES = YES;
				CLANG_ENABLE_OBJC_ARC = YES;
				CLANG_ENABLE_OBJC_WEAK = YES;
				CLANG_WARN_BLOCK_CAPTURE_AUTORELEASING = YES;
				CLANG_WARN_BOOL_CONVERSION = YES;
				CLANG_WARN_COMMA = YES;
				CLANG_WARN_CONSTANT_CONVERSION = YES;
				CLANG_WARN_DEPRECATED_OBJC_IMPLEMENTATIONS = YES;
				CLANG_WARN_DIRECT_OBJC_ISA_USAGE = YES_ERROR;
				CLANG_WARN_DOCUMENTATION_COMMENTS = YES;
				CLANG_WARN_EMPTY_BODY = YES;
				CLANG_WARN_ENUM_CONVERSION = YES;
				CLANG_WARN_INFINITE_RECURSION = YES;
				CLANG_WARN_INT_CONVERSION = YES;
				CLANG_WARN_NON_LITERAL_NULL_CONVERSION = YES;
				CLANG_WARN_OBJC_IMPLICIT_RETAIN_SELF = YES;
				CLANG_WARN_OBJC_LITERAL_CONVERSION = YES;
				CLANG_WARN_OBJC_ROOT_CLASS = YES_ERROR;
				CLANG_WARN_QUOTED_INCLUDE_IN_FRAMEWORK_HEADER = YES;
				CLANG_WARN_RANGE_LOOP_ANALYSIS = YES;
				CLANG_WARN_STRICT_PROTOTYPES = YES;
				CLANG_WARN_SUSPICIOUS_MOVE = YES;
				CLANG_WARN_UNGUARDED_AVAILABILITY = YES_AGGRESSIVE;
				CLANG_WARN_UNREACHABLE_CODE = YES;
				CLANG_WARN__DUPLICATE_METHOD_MATCH = YES;
				COPY_PHASE_STRIP = NO;
				DEBUG_INFORMATION_FORMAT = "dwarf-with-dsym";
				ENABLE_NS_ASSERTIONS = NO;
				ENABLE_STRICT_OBJC_MSGSEND = YES;
				GCC_C_LANGUAGE_STANDARD = gnu11;
				GCC_NO_COMMON_BLOCKS = YES;
				GCC_WARN_64_TO_32_BIT_CONVERSION = YES;
				GCC_WARN_ABOUT_RETURN_TYPE = YES_ERROR;
				GCC_WARN_UNDECLARED_SELECTOR = YES;
				GCC_WARN_UNINITIALIZED_AUTOS = YES_AGGRESSIVE;
				GCC_WARN_UNUSED_FUNCTION = YES;
				GCC_WARN_UNUSED_VARIABLE = YES;
				IPHONEOS_DEPLOYMENT_TARGET = 14.4;
				MTL_ENABLE_DEBUG_INFO = NO;
				MTL_FAST_MATH = YES;
				SDKROOT = iphoneos;
				SWIFT_COMPILATION_MODE = wholemodule;
				SWIFT_OPTIMIZATION_LEVEL = "-O";
				VALIDATE_PRODUCT = YES;
			};
			name = Release;
		};
		6706A5DB25EBB29D003CE87F /* Debug */ = {
			isa = XCBuildConfiguration;
			buildSettings = {
				ASSETCATALOG_COMPILER_APPICON_NAME = AppIcon;
				ASSETCATALOG_COMPILER_GLOBAL_ACCENT_COLOR_NAME = AccentColor;
				CODE_SIGN_STYLE = Automatic;
				DEVELOPMENT_ASSET_PATHS = "\"UI-136/Preview Content\"";
				ENABLE_PREVIEWS = YES;
				INFOPLIST_FILE = "UI-136/Info.plist";
				IPHONEOS_DEPLOYMENT_TARGET = 14.0;
				LD_RUNPATH_SEARCH_PATHS = (
					"$(inherited)",
					"@executable_path/Frameworks",
				);
				PRODUCT_BUNDLE_IDENTIFIER = "com.uzu.UI-136";
				PRODUCT_NAME = "$(TARGET_NAME)";
				SWIFT_VERSION = 5.0;
				TARGETED_DEVICE_FAMILY = "1,2";
			};
			name = Debug;
		};
		6706A5DC25EBB29D003CE87F /* Release */ = {
			isa = XCBuildConfiguration;
			buildSettings = {
				ASSETCATALOG_COMPILER_APPICON_NAME = AppIcon;
				ASSETCATALOG_COMPILER_GLOBAL_ACCENT_COLOR_NAME = AccentColor;
				CODE_SIGN_STYLE = Automatic;
				DEVELOPMENT_ASSET_PATHS = "\"UI-136/Preview Content\"";
				ENABLE_PREVIEWS = YES;
				INFOPLIST_FILE = "UI-136/Info.plist";
				IPHONEOS_DEPLOYMENT_TARGET = 14.0;
				LD_RUNPATH_SEARCH_PATHS = (
					"$(inherited)",
					"@executable_path/Frameworks",
				);
				PRODUCT_BUNDLE_IDENTIFIER = "com.uzu.UI-136";
				PRODUCT_NAME = "$(TARGET_NAME)";
				SWIFT_VERSION = 5.0;
				TARGETED_DEVICE_FAMILY = "1,2";
			};
			name = Release;
		};
		6706A5DE25EBB29D003CE87F /* Debug */ = {
			isa = XCBuildConfiguration;
			buildSettings = {
				ALWAYS_EMBED_SWIFT_STANDARD_LIBRARIES = YES;
				BUNDLE_LOADER = "$(TEST_HOST)";
				CODE_SIGN_STYLE = Automatic;
				INFOPLIST_FILE = "UI-136Tests/Info.plist";
				IPHONEOS_DEPLOYMENT_TARGET = 14.0;
				LD_RUNPATH_SEARCH_PATHS = (
					"$(inherited)",
					"@executable_path/Frameworks",
					"@loader_path/Frameworks",
				);
				PRODUCT_BUNDLE_IDENTIFIER = "com.uzu.UI-136Tests";
				PRODUCT_NAME = "$(TARGET_NAME)";
				SWIFT_VERSION = 5.0;
				TARGETED_DEVICE_FAMILY = "1,2";
				TEST_HOST = "$(BUILT_PRODUCTS_DIR)/UI-136.app/UI-136";
			};
			name = Debug;
		};
		6706A5DF25EBB29D003CE87F /* Release */ = {
			isa = XCBuildConfiguration;
			buildSettings = {
				ALWAYS_EMBED_SWIFT_STANDARD_LIBRARIES = YES;
				BUNDLE_LOADER = "$(TEST_HOST)";
				CODE_SIGN_STYLE = Automatic;
				INFOPLIST_FILE = "UI-136Tests/Info.plist";
				IPHONEOS_DEPLOYMENT_TARGET = 14.0;
				LD_RUNPATH_SEARCH_PATHS = (
					"$(inherited)",
					"@executable_path/Frameworks",
					"@loader_path/Frameworks",
				);
				PRODUCT_BUNDLE_IDENTIFIER = "com.uzu.UI-136Tests";
				PRODUCT_NAME = "$(TARGET_NAME)";
				SWIFT_VERSION = 5.0;
				TARGETED_DEVICE_FAMILY = "1,2";
				TEST_HOST = "$(BUILT_PRODUCTS_DIR)/UI-136.app/UI-136";
			};
			name = Release;
		};
		6706A5E125EBB29D003CE87F /* Debug */ = {
			isa = XCBuildConfiguration;
			buildSettings = {
				ALWAYS_EMBED_SWIFT_STANDARD_LIBRARIES = YES;
				CODE_SIGN_STYLE = Automatic;
				INFOPLIST_FILE = "UI-136UITests/Info.plist";
				LD_RUNPATH_SEARCH_PATHS = (
					"$(inherited)",
					"@executable_path/Frameworks",
					"@loader_path/Frameworks",
				);
				PRODUCT_BUNDLE_IDENTIFIER = "com.uzu.UI-136UITests";
				PRODUCT_NAME = "$(TARGET_NAME)";
				SWIFT_VERSION = 5.0;
				TARGETED_DEVICE_FAMILY = "1,2";
				TEST_TARGET_NAME = "UI-136";
			};
			name = Debug;
		};
		6706A5E225EBB29D003CE87F /* Release */ = {
			isa = XCBuildConfiguration;
			buildSettings = {
				ALWAYS_EMBED_SWIFT_STANDARD_LIBRARIES = YES;
				CODE_SIGN_STYLE = Automatic;
				INFOPLIST_FILE = "UI-136UITests/Info.plist";
				LD_RUNPATH_SEARCH_PATHS = (
					"$(inherited)",
					"@executable_path/Frameworks",
					"@loader_path/Frameworks",
				);
				PRODUCT_BUNDLE_IDENTIFIER = "com.uzu.UI-136UITests";
				PRODUCT_NAME = "$(TARGET_NAME)";
				SWIFT_VERSION = 5.0;
				TARGETED_DEVICE_FAMILY = "1,2";
				TEST_TARGET_NAME = "UI-136";
			};
			name = Release;
		};
/* End XCBuildConfiguration section */

/* Begin XCConfigurationList section */
		6706A5B025EBB29C003CE87F /* Build configuration list for PBXProject "UI-136" */ = {
			isa = XCConfigurationList;
			buildConfigurations = (
				6706A5D825EBB29D003CE87F /* Debug */,
				6706A5D925EBB29D003CE87F /* Release */,
			);
			defaultConfigurationIsVisible = 0;
			defaultConfigurationName = Release;
		};
		6706A5DA25EBB29D003CE87F /* Build configuration list for PBXNativeTarget "UI-136" */ = {
			isa = XCConfigurationList;
			buildConfigurations = (
				6706A5DB25EBB29D003CE87F /* Debug */,
				6706A5DC25EBB29D003CE87F /* Release */,
			);
			defaultConfigurationIsVisible = 0;
			defaultConfigurationName = Release;
		};
		6706A5DD25EBB29D003CE87F /* Build configuration list for PBXNativeTarget "UI-136Tests" */ = {
			isa = XCConfigurationList;
			buildConfigurations = (
				6706A5DE25EBB29D003CE87F /* Debug */,
				6706A5DF25EBB29D003CE87F /* Release */,
			);
			defaultConfigurationIsVisible = 0;
			defaultConfigurationName = Release;
		};
		6706A5E025EBB29D003CE87F /* Build configuration list for PBXNativeTarget "UI-136UITests" */ = {
			isa = XCConfigurationList;
			buildConfigurations = (
				6706A5E125EBB29D003CE87F /* Debug */,
				6706A5E225EBB29D003CE87F /* Release */,
			);
			defaultConfigurationIsVisible = 0;
			defaultConfigurationName = Release;
		};
/* End XCConfigurationList section */

/* Begin XCRemoteSwiftPackageReference section */
		6706A5E625EBB2E8003CE87F /* XCRemoteSwiftPackageReference "lottie-ios" */ = {
			isa = XCRemoteSwiftPackageReference;
			repositoryURL = "https://github.com/airbnb/lottie-ios.git";
			requirement = {
				kind = upToNextMajorVersion;
				minimumVersion = 3.2.1;
			};
		};
/* End XCRemoteSwiftPackageReference section */

/* Begin XCSwiftPackageProductDependency section */
		6706A5E725EBB2E8003CE87F /* Lottie */ = {
			isa = XCSwiftPackageProductDependency;
			package = 6706A5E625EBB2E8003CE87F /* XCRemoteSwiftPackageReference "lottie-ios" */;
			productName = Lottie;
		};
/* End XCSwiftPackageProductDependency section */
	};
	rootObject = 6706A5AD25EBB29C003CE87F /* Project object */;
}
